// !$*UTF8*$!
{
	archiveVersion = 1;
	classes = {
	};
	objectVersion = 46;
	objects = {

/* Begin PBXBuildFile section */
		111A82F55A50F4497FC2381A /* Pods_PickyCookBook.framework in Frameworks */ = {isa = PBXBuildFile; fileRef = B3629AAED91DFC939D8AC746 /* Pods_PickyCookBook.framework */; };
		3F065AD11F67C3B900B75106 /* RecipeStepViewController.swift in Sources */ = {isa = PBXBuildFile; fileRef = 3F065AD01F67C3B900B75106 /* RecipeStepViewController.swift */; };
		3F065AD31F67EC2700B75106 /* ss.jpg in Resources */ = {isa = PBXBuildFile; fileRef = 3F065AD21F67EC2700B75106 /* ss.jpg */; };
		3F065AD51F67F37C00B75106 /* StepTableViewCell.swift in Sources */ = {isa = PBXBuildFile; fileRef = 3F065AD41F67F37C00B75106 /* StepTableViewCell.swift */; };
		3F5458E41F6899DA00E3FFD7 /* RecipeCommentTableViewCell.swift in Sources */ = {isa = PBXBuildFile; fileRef = 3F5458E31F6899DA00E3FFD7 /* RecipeCommentTableViewCell.swift */; };
		3F63F4351F6286F30005D4E5 /* no_im.png in Resources */ = {isa = PBXBuildFile; fileRef = 3F63F4341F6286F30005D4E5 /* no_im.png */; };
		3F656F161F62554A00A8B66D /* RecipeCreateViewController.swift in Sources */ = {isa = PBXBuildFile; fileRef = 3F656F151F62554A00A8B66D /* RecipeCreateViewController.swift */; };
		3F656F181F62559700A8B66D /* RecipeStepCreateViewController.swift in Sources */ = {isa = PBXBuildFile; fileRef = 3F656F171F62559700A8B66D /* RecipeStepCreateViewController.swift */; };
		3F656F1C1F625D0D00A8B66D /* RecipeMediaData.swift in Sources */ = {isa = PBXBuildFile; fileRef = 3F656F1B1F625D0D00A8B66D /* RecipeMediaData.swift */; };
		3F7971311F59F23D0074C3DF /* AppDelegate.swift in Sources */ = {isa = PBXBuildFile; fileRef = 3F7971301F59F23D0074C3DF /* AppDelegate.swift */; };
		3F7971361F59F23D0074C3DF /* Main.storyboard in Resources */ = {isa = PBXBuildFile; fileRef = 3F7971341F59F23D0074C3DF /* Main.storyboard */; };
		3F7971381F59F23D0074C3DF /* Assets.xcassets in Resources */ = {isa = PBXBuildFile; fileRef = 3F7971371F59F23D0074C3DF /* Assets.xcassets */; };
		3F79713B1F59F23D0074C3DF /* LaunchScreen.storyboard in Resources */ = {isa = PBXBuildFile; fileRef = 3F7971391F59F23D0074C3DF /* LaunchScreen.storyboard */; };
		3F7971441F59F2CF0074C3DF /* User.swift in Sources */ = {isa = PBXBuildFile; fileRef = 3F7971431F59F2CF0074C3DF /* User.swift */; };
		3F7971461F59F2FB0074C3DF /* Recipe.swift in Sources */ = {isa = PBXBuildFile; fileRef = 3F7971451F59F2FB0074C3DF /* Recipe.swift */; };
		3F7971481F59F3030074C3DF /* Recipe_Step.swift in Sources */ = {isa = PBXBuildFile; fileRef = 3F7971471F59F3030074C3DF /* Recipe_Step.swift */; };
		3F79714A1F59F30B0074C3DF /* Recipe_Comment.swift in Sources */ = {isa = PBXBuildFile; fileRef = 3F7971491F59F30B0074C3DF /* Recipe_Comment.swift */; };
		3F79714C1F59F3130074C3DF /* Recipe_Review.swift in Sources */ = {isa = PBXBuildFile; fileRef = 3F79714B1F59F3130074C3DF /* Recipe_Review.swift */; };
		3F79715F1F5CE9810074C3DF /* SignInViewController.swift in Sources */ = {isa = PBXBuildFile; fileRef = 3F79715E1F5CE9810074C3DF /* SignInViewController.swift */; };
		3F7971611F5CE9A30074C3DF /* SignUpViewController.swift in Sources */ = {isa = PBXBuildFile; fileRef = 3F7971601F5CE9A30074C3DF /* SignUpViewController.swift */; };
		3F7971631F5CEE3E0074C3DF /* DataCentre.swift in Sources */ = {isa = PBXBuildFile; fileRef = 3F7971621F5CEE3E0074C3DF /* DataCentre.swift */; };
		3F7971651F5CFD660074C3DF /* DataTelecom.swift in Sources */ = {isa = PBXBuildFile; fileRef = 3F7971641F5CFD660074C3DF /* DataTelecom.swift */; };
		3F7971691F5D12F30074C3DF /* MainTabBar.swift in Sources */ = {isa = PBXBuildFile; fileRef = 3F7971681F5D12F30074C3DF /* MainTabBar.swift */; };
		3F79716B1F5D194A0074C3DF /* no_image.jpg in Resources */ = {isa = PBXBuildFile; fileRef = 3F79716A1F5D194A0074C3DF /* no_image.jpg */; };
		3F79716D1F5D1BA40074C3DF /* MyPageViewController.swift in Sources */ = {isa = PBXBuildFile; fileRef = 3F79716C1F5D1BA40074C3DF /* MyPageViewController.swift */; };
		3F81D0281F631FB900D256EC /* RecipeSearchViewController.swift in Sources */ = {isa = PBXBuildFile; fileRef = 3F81D0271F631FB900D256EC /* RecipeSearchViewController.swift */; };
		3F81D02A1F631FD200D256EC /* RecipeSearchTableViewCell.swift in Sources */ = {isa = PBXBuildFile; fileRef = 3F81D0291F631FD200D256EC /* RecipeSearchTableViewCell.swift */; };
		3F81D02C1F63289300D256EC /* Recipe_Search.swift in Sources */ = {isa = PBXBuildFile; fileRef = 3F81D02B1F63289300D256EC /* Recipe_Search.swift */; };
		3F81D02E1F66855900D256EC /* TokenAuth.swift in Sources */ = {isa = PBXBuildFile; fileRef = 3F81D02D1F66855900D256EC /* TokenAuth.swift */; };
		3F81D0321F66B6F400D256EC /* TouchID.swift in Sources */ = {isa = PBXBuildFile; fileRef = 3F81D0311F66B6F400D256EC /* TouchID.swift */; };
		3F9E28DB1F5EAD6000B661D2 /* BookMarkViewController.swift in Sources */ = {isa = PBXBuildFile; fileRef = 3F9E28DA1F5EAD6000B661D2 /* BookMarkViewController.swift */; };
		3F9E28DD1F5EAEAB00B661D2 /* BookMarkTableViewCell.swift in Sources */ = {isa = PBXBuildFile; fileRef = 3F9E28DC1F5EAEAB00B661D2 /* BookMarkTableViewCell.swift */; };
		3F9E28E51F60306200B661D2 /* Recipe_Bookmark.swift in Sources */ = {isa = PBXBuildFile; fileRef = 3F9E28E41F60306200B661D2 /* Recipe_Bookmark.swift */; };
		3FA46DE61F6AA2AA00B4143F /* RecipeReviewViewController.swift in Sources */ = {isa = PBXBuildFile; fileRef = 3FA46DE51F6AA2AA00B4143F /* RecipeReviewViewController.swift */; };
		3FAAF8A91F69DE35002DA72B /* StarViewController.swift in Sources */ = {isa = PBXBuildFile; fileRef = 3FAAF8A71F69DE35002DA72B /* StarViewController.swift */; };
		3FAAF8AA1F69DE35002DA72B /* FloatRatingView.swift in Sources */ = {isa = PBXBuildFile; fileRef = 3FAAF8A81F69DE35002DA72B /* FloatRatingView.swift */; };
		3FAE669A1F5DB086007A13E7 /* MediaData.swift in Sources */ = {isa = PBXBuildFile; fileRef = 3FAE66991F5DB086007A13E7 /* MediaData.swift */; };
		3FAE669C1F5DB710007A13E7 /* InfoModifyViewController.swift in Sources */ = {isa = PBXBuildFile; fileRef = 3FAE669B1F5DB710007A13E7 /* InfoModifyViewController.swift */; };
		3FAE669E1F5E5EEC007A13E7 /* HomeViewController.swift in Sources */ = {isa = PBXBuildFile; fileRef = 3FAE669D1F5E5EEC007A13E7 /* HomeViewController.swift */; };
		3FB32EB81F60E51600C4B9FC /* AllRecipeTableViewCell.swift in Sources */ = {isa = PBXBuildFile; fileRef = 3FB32EB71F60E51500C4B9FC /* AllRecipeTableViewCell.swift */; };
		3FB32EBC1F610C4100C4B9FC /* RecipeDetailViewController.swift in Sources */ = {isa = PBXBuildFile; fileRef = 3FB32EBB1F610C4100C4B9FC /* RecipeDetailViewController.swift */; };
		3FB32EBE1F6144C400C4B9FC /* RecipeReviewTableViewCell.swift in Sources */ = {isa = PBXBuildFile; fileRef = 3FB32EBD1F6144C400C4B9FC /* RecipeReviewTableViewCell.swift */; };
		3FC6017F1F6052C600931909 /* Temp.swift in Sources */ = {isa = PBXBuildFile; fileRef = 3FC6017E1F6052C600931909 /* Temp.swift */; };
/* End PBXBuildFile section */

/* Begin PBXFileReference section */
		3F065AD01F67C3B900B75106 /* RecipeStepViewController.swift */ = {isa = PBXFileReference; fileEncoding = 4; lastKnownFileType = sourcecode.swift; path = RecipeStepViewController.swift; sourceTree = "<group>"; };
		3F065AD21F67EC2700B75106 /* ss.jpg */ = {isa = PBXFileReference; lastKnownFileType = image.jpeg; path = ss.jpg; sourceTree = "<group>"; };
		3F065AD41F67F37C00B75106 /* StepTableViewCell.swift */ = {isa = PBXFileReference; fileEncoding = 4; lastKnownFileType = sourcecode.swift; path = StepTableViewCell.swift; sourceTree = "<group>"; };
		3F5458E31F6899DA00E3FFD7 /* RecipeCommentTableViewCell.swift */ = {isa = PBXFileReference; fileEncoding = 4; lastKnownFileType = sourcecode.swift; path = RecipeCommentTableViewCell.swift; sourceTree = "<group>"; };
		3F63F4341F6286F30005D4E5 /* no_im.png */ = {isa = PBXFileReference; lastKnownFileType = image.png; path = no_im.png; sourceTree = "<group>"; };
		3F656F151F62554A00A8B66D /* RecipeCreateViewController.swift */ = {isa = PBXFileReference; fileEncoding = 4; lastKnownFileType = sourcecode.swift; path = RecipeCreateViewController.swift; sourceTree = "<group>"; };
		3F656F171F62559700A8B66D /* RecipeStepCreateViewController.swift */ = {isa = PBXFileReference; fileEncoding = 4; lastKnownFileType = sourcecode.swift; path = RecipeStepCreateViewController.swift; sourceTree = "<group>"; };
		3F656F1B1F625D0D00A8B66D /* RecipeMediaData.swift */ = {isa = PBXFileReference; fileEncoding = 4; lastKnownFileType = sourcecode.swift; path = RecipeMediaData.swift; sourceTree = "<group>"; };
		3F79712D1F59F23D0074C3DF /* PickyCookBook.app */ = {isa = PBXFileReference; explicitFileType = wrapper.application; includeInIndex = 0; path = PickyCookBook.app; sourceTree = BUILT_PRODUCTS_DIR; };
		3F7971301F59F23D0074C3DF /* AppDelegate.swift */ = {isa = PBXFileReference; lastKnownFileType = sourcecode.swift; path = AppDelegate.swift; sourceTree = "<group>"; };
		3F7971351F59F23D0074C3DF /* Base */ = {isa = PBXFileReference; lastKnownFileType = file.storyboard; name = Base; path = Base.lproj/Main.storyboard; sourceTree = "<group>"; };
		3F7971371F59F23D0074C3DF /* Assets.xcassets */ = {isa = PBXFileReference; lastKnownFileType = folder.assetcatalog; path = Assets.xcassets; sourceTree = "<group>"; };
		3F79713A1F59F23D0074C3DF /* Base */ = {isa = PBXFileReference; lastKnownFileType = file.storyboard; name = Base; path = Base.lproj/LaunchScreen.storyboard; sourceTree = "<group>"; };
		3F79713C1F59F23D0074C3DF /* Info.plist */ = {isa = PBXFileReference; lastKnownFileType = text.plist.xml; path = Info.plist; sourceTree = "<group>"; };
		3F7971431F59F2CF0074C3DF /* User.swift */ = {isa = PBXFileReference; fileEncoding = 4; lastKnownFileType = sourcecode.swift; path = User.swift; sourceTree = "<group>"; };
		3F7971451F59F2FB0074C3DF /* Recipe.swift */ = {isa = PBXFileReference; fileEncoding = 4; lastKnownFileType = sourcecode.swift; path = Recipe.swift; sourceTree = "<group>"; };
		3F7971471F59F3030074C3DF /* Recipe_Step.swift */ = {isa = PBXFileReference; fileEncoding = 4; lastKnownFileType = sourcecode.swift; path = Recipe_Step.swift; sourceTree = "<group>"; };
		3F7971491F59F30B0074C3DF /* Recipe_Comment.swift */ = {isa = PBXFileReference; fileEncoding = 4; lastKnownFileType = sourcecode.swift; path = Recipe_Comment.swift; sourceTree = "<group>"; };
		3F79714B1F59F3130074C3DF /* Recipe_Review.swift */ = {isa = PBXFileReference; fileEncoding = 4; lastKnownFileType = sourcecode.swift; path = Recipe_Review.swift; sourceTree = "<group>"; };
		3F79715E1F5CE9810074C3DF /* SignInViewController.swift */ = {isa = PBXFileReference; fileEncoding = 4; lastKnownFileType = sourcecode.swift; path = SignInViewController.swift; sourceTree = "<group>"; };
		3F7971601F5CE9A30074C3DF /* SignUpViewController.swift */ = {isa = PBXFileReference; fileEncoding = 4; lastKnownFileType = sourcecode.swift; path = SignUpViewController.swift; sourceTree = "<group>"; };
		3F7971621F5CEE3E0074C3DF /* DataCentre.swift */ = {isa = PBXFileReference; fileEncoding = 4; lastKnownFileType = sourcecode.swift; path = DataCentre.swift; sourceTree = "<group>"; };
		3F7971641F5CFD660074C3DF /* DataTelecom.swift */ = {isa = PBXFileReference; fileEncoding = 4; lastKnownFileType = sourcecode.swift; path = DataTelecom.swift; sourceTree = "<group>"; };
		3F7971681F5D12F30074C3DF /* MainTabBar.swift */ = {isa = PBXFileReference; fileEncoding = 4; lastKnownFileType = sourcecode.swift; path = MainTabBar.swift; sourceTree = "<group>"; };
		3F79716A1F5D194A0074C3DF /* no_image.jpg */ = {isa = PBXFileReference; lastKnownFileType = image.jpeg; path = no_image.jpg; sourceTree = "<group>"; };
		3F79716C1F5D1BA40074C3DF /* MyPageViewController.swift */ = {isa = PBXFileReference; fileEncoding = 4; lastKnownFileType = sourcecode.swift; path = MyPageViewController.swift; sourceTree = "<group>"; };
		3F81D0271F631FB900D256EC /* RecipeSearchViewController.swift */ = {isa = PBXFileReference; fileEncoding = 4; lastKnownFileType = sourcecode.swift; path = RecipeSearchViewController.swift; sourceTree = "<group>"; };
		3F81D0291F631FD200D256EC /* RecipeSearchTableViewCell.swift */ = {isa = PBXFileReference; fileEncoding = 4; lastKnownFileType = sourcecode.swift; path = RecipeSearchTableViewCell.swift; sourceTree = "<group>"; };
		3F81D02B1F63289300D256EC /* Recipe_Search.swift */ = {isa = PBXFileReference; fileEncoding = 4; lastKnownFileType = sourcecode.swift; path = Recipe_Search.swift; sourceTree = "<group>"; };
		3F81D02D1F66855900D256EC /* TokenAuth.swift */ = {isa = PBXFileReference; fileEncoding = 4; lastKnownFileType = sourcecode.swift; path = TokenAuth.swift; sourceTree = "<group>"; };
		3F81D0311F66B6F400D256EC /* TouchID.swift */ = {isa = PBXFileReference; fileEncoding = 4; lastKnownFileType = sourcecode.swift; path = TouchID.swift; sourceTree = "<group>"; };
		3F9E28DA1F5EAD6000B661D2 /* BookMarkViewController.swift */ = {isa = PBXFileReference; fileEncoding = 4; lastKnownFileType = sourcecode.swift; path = BookMarkViewController.swift; sourceTree = "<group>"; };
		3F9E28DC1F5EAEAB00B661D2 /* BookMarkTableViewCell.swift */ = {isa = PBXFileReference; fileEncoding = 4; lastKnownFileType = sourcecode.swift; path = BookMarkTableViewCell.swift; sourceTree = "<group>"; };
		3F9E28E41F60306200B661D2 /* Recipe_Bookmark.swift */ = {isa = PBXFileReference; fileEncoding = 4; lastKnownFileType = sourcecode.swift; path = Recipe_Bookmark.swift; sourceTree = "<group>"; };
		3FA46DE51F6AA2AA00B4143F /* RecipeReviewViewController.swift */ = {isa = PBXFileReference; fileEncoding = 4; lastKnownFileType = sourcecode.swift; path = RecipeReviewViewController.swift; sourceTree = "<group>"; };
		3FAAF8A71F69DE35002DA72B /* StarViewController.swift */ = {isa = PBXFileReference; fileEncoding = 4; lastKnownFileType = sourcecode.swift; path = StarViewController.swift; sourceTree = "<group>"; };
		3FAAF8A81F69DE35002DA72B /* FloatRatingView.swift */ = {isa = PBXFileReference; fileEncoding = 4; lastKnownFileType = sourcecode.swift; path = FloatRatingView.swift; sourceTree = "<group>"; };
		3FAE66991F5DB086007A13E7 /* MediaData.swift */ = {isa = PBXFileReference; fileEncoding = 4; lastKnownFileType = sourcecode.swift; path = MediaData.swift; sourceTree = "<group>"; };
		3FAE669B1F5DB710007A13E7 /* InfoModifyViewController.swift */ = {isa = PBXFileReference; fileEncoding = 4; lastKnownFileType = sourcecode.swift; path = InfoModifyViewController.swift; sourceTree = "<group>"; };
		3FAE669D1F5E5EEC007A13E7 /* HomeViewController.swift */ = {isa = PBXFileReference; fileEncoding = 4; lastKnownFileType = sourcecode.swift; path = HomeViewController.swift; sourceTree = "<group>"; };
		3FB32EB71F60E51500C4B9FC /* AllRecipeTableViewCell.swift */ = {isa = PBXFileReference; fileEncoding = 4; lastKnownFileType = sourcecode.swift; path = AllRecipeTableViewCell.swift; sourceTree = "<group>"; };
		3FB32EBB1F610C4100C4B9FC /* RecipeDetailViewController.swift */ = {isa = PBXFileReference; fileEncoding = 4; lastKnownFileType = sourcecode.swift; path = RecipeDetailViewController.swift; sourceTree = "<group>"; };
		3FB32EBD1F6144C400C4B9FC /* RecipeReviewTableViewCell.swift */ = {isa = PBXFileReference; fileEncoding = 4; lastKnownFileType = sourcecode.swift; path = RecipeReviewTableViewCell.swift; sourceTree = "<group>"; };
		3FC6017E1F6052C600931909 /* Temp.swift */ = {isa = PBXFileReference; fileEncoding = 4; lastKnownFileType = sourcecode.swift; path = Temp.swift; sourceTree = "<group>"; };
		45EE35A1669CC918A1644DE4 /* Pods-PickyCookBook.release.xcconfig */ = {isa = PBXFileReference; includeInIndex = 1; lastKnownFileType = text.xcconfig; name = "Pods-PickyCookBook.release.xcconfig"; path = "Pods/Target Support Files/Pods-PickyCookBook/Pods-PickyCookBook.release.xcconfig"; sourceTree = "<group>"; };
		B1C947CFC4B43A2D5A59E1E5 /* Pods-PickyCookBook.debug.xcconfig */ = {isa = PBXFileReference; includeInIndex = 1; lastKnownFileType = text.xcconfig; name = "Pods-PickyCookBook.debug.xcconfig"; path = "Pods/Target Support Files/Pods-PickyCookBook/Pods-PickyCookBook.debug.xcconfig"; sourceTree = "<group>"; };
		B3629AAED91DFC939D8AC746 /* Pods_PickyCookBook.framework */ = {isa = PBXFileReference; explicitFileType = wrapper.framework; includeInIndex = 0; path = Pods_PickyCookBook.framework; sourceTree = BUILT_PRODUCTS_DIR; };
/* End PBXFileReference section */

/* Begin PBXFrameworksBuildPhase section */
		3F79712A1F59F23D0074C3DF /* Frameworks */ = {
			isa = PBXFrameworksBuildPhase;
			buildActionMask = 2147483647;
			files = (
				111A82F55A50F4497FC2381A /* Pods_PickyCookBook.framework in Frameworks */,
			);
			runOnlyForDeploymentPostprocessing = 0;
		};
/* End PBXFrameworksBuildPhase section */

/* Begin PBXGroup section */
		3F7971241F59F23D0074C3DF = {
			isa = PBXGroup;
			children = (
				3F79712F1F59F23D0074C3DF /* PickyCookBook */,
				3F79712E1F59F23D0074C3DF /* Products */,
				A141563B6C5F018D9A1182F2 /* Pods */,
				BB923D6A378316711CA6ACB7 /* Frameworks */,
			);
			sourceTree = "<group>";
		};
		3F79712E1F59F23D0074C3DF /* Products */ = {
			isa = PBXGroup;
			children = (
				3F79712D1F59F23D0074C3DF /* PickyCookBook.app */,
			);
			name = Products;
			sourceTree = "<group>";
		};
		3F79712F1F59F23D0074C3DF /* PickyCookBook */ = {
			isa = PBXGroup;
			children = (
				3F7971301F59F23D0074C3DF /* AppDelegate.swift */,
				3F7971341F59F23D0074C3DF /* Main.storyboard */,
				3F7971531F59F32F0074C3DF /* DATA */,
				3F7971541F59F35F0074C3DF /* MAIN */,
				3F7971571F59F3850074C3DF /* RECIPE */,
				3FA46DE41F6A8B8B00B4143F /* RECIPE_DETAIL */,
				3F79715B1F59F3B10074C3DF /* RECIPE_BOOKMARK */,
				3F79715C1F59F3BC0074C3DF /* RECIPE_SEARCH */,
				3F79716E1F5D1BBF0074C3DF /* MYPAGE */,
				3F7971551F59F3720074C3DF /* SIGNIN */,
				3F7971561F59F37A0074C3DF /* SIGNUP */,
				3F7971421F59F2510074C3DF /* XCODE */,
			);
			path = PickyCookBook;
			sourceTree = "<group>";
		};
		3F7971421F59F2510074C3DF /* XCODE */ = {
			isa = PBXGroup;
			children = (
				3F065AD21F67EC2700B75106 /* ss.jpg */,
				3F63F4341F6286F30005D4E5 /* no_im.png */,
				3F79716A1F5D194A0074C3DF /* no_image.jpg */,
				3F7971371F59F23D0074C3DF /* Assets.xcassets */,
				3F7971391F59F23D0074C3DF /* LaunchScreen.storyboard */,
				3F79713C1F59F23D0074C3DF /* Info.plist */,
			);
			name = XCODE;
			sourceTree = "<group>";
		};
		3F7971531F59F32F0074C3DF /* DATA */ = {
			isa = PBXGroup;
			children = (
				3FAAF8A71F69DE35002DA72B /* StarViewController.swift */,
				3FAAF8A81F69DE35002DA72B /* FloatRatingView.swift */,
				3F7971431F59F2CF0074C3DF /* User.swift */,
				3F7971451F59F2FB0074C3DF /* Recipe.swift */,
				3F7971471F59F3030074C3DF /* Recipe_Step.swift */,
				3F7971491F59F30B0074C3DF /* Recipe_Comment.swift */,
				3F9E28E41F60306200B661D2 /* Recipe_Bookmark.swift */,
				3F79714B1F59F3130074C3DF /* Recipe_Review.swift */,
				3F81D02B1F63289300D256EC /* Recipe_Search.swift */,
				3F7971621F5CEE3E0074C3DF /* DataCentre.swift */,
				3F7971641F5CFD660074C3DF /* DataTelecom.swift */,
				3FC6017E1F6052C600931909 /* Temp.swift */,
			);
			name = DATA;
			sourceTree = "<group>";
		};
		3F7971541F59F35F0074C3DF /* MAIN */ = {
			isa = PBXGroup;
			children = (
				3F7971681F5D12F30074C3DF /* MainTabBar.swift */,
				3FAE669D1F5E5EEC007A13E7 /* HomeViewController.swift */,
				3FB32EB71F60E51500C4B9FC /* AllRecipeTableViewCell.swift */,
			);
			name = MAIN;
			sourceTree = "<group>";
		};
		3F7971551F59F3720074C3DF /* SIGNIN */ = {
			isa = PBXGroup;
			children = (
				3F79715E1F5CE9810074C3DF /* SignInViewController.swift */,
				3F81D0311F66B6F400D256EC /* TouchID.swift */,
				3F81D02D1F66855900D256EC /* TokenAuth.swift */,
			);
			name = SIGNIN;
			sourceTree = "<group>";
		};
		3F7971561F59F37A0074C3DF /* SIGNUP */ = {
			isa = PBXGroup;
			children = (
				3F7971601F5CE9A30074C3DF /* SignUpViewController.swift */,
				3FAE66991F5DB086007A13E7 /* MediaData.swift */,
			);
			name = SIGNUP;
			sourceTree = "<group>";
		};
		3F7971571F59F3850074C3DF /* RECIPE */ = {
			isa = PBXGroup;
			children = (
				3F656F151F62554A00A8B66D /* RecipeCreateViewController.swift */,
				3F656F171F62559700A8B66D /* RecipeStepCreateViewController.swift */,
				3F656F1B1F625D0D00A8B66D /* RecipeMediaData.swift */,
			);
			name = RECIPE;
			sourceTree = "<group>";
		};
		3F7971581F59F3910074C3DF /* RECIPE_STEP */ = {
			isa = PBXGroup;
			children = (
				3F065AD01F67C3B900B75106 /* RecipeStepViewController.swift */,
				3F065AD41F67F37C00B75106 /* StepTableViewCell.swift */,
			);
			name = RECIPE_STEP;
			sourceTree = "<group>";
		};
		3F7971591F59F39E0074C3DF /* RECIPE_COMMENT */ = {
			isa = PBXGroup;
			children = (
				3F5458E31F6899DA00E3FFD7 /* RecipeCommentTableViewCell.swift */,
			);
			name = RECIPE_COMMENT;
			sourceTree = "<group>";
		};
		3F79715A1F59F3AA0074C3DF /* RECIPE_REVIEW */ = {
			isa = PBXGroup;
			children = (
				3FA46DE51F6AA2AA00B4143F /* RecipeReviewViewController.swift */,
				3FB32EBD1F6144C400C4B9FC /* RecipeReviewTableViewCell.swift */,
			);
			name = RECIPE_REVIEW;
			sourceTree = "<group>";
		};
		3F79715B1F59F3B10074C3DF /* RECIPE_BOOKMARK */ = {
			isa = PBXGroup;
			children = (
				3F9E28DA1F5EAD6000B661D2 /* BookMarkViewController.swift */,
				3F9E28DC1F5EAEAB00B661D2 /* BookMarkTableViewCell.swift */,
			);
			name = RECIPE_BOOKMARK;
			sourceTree = "<group>";
		};
		3F79715C1F59F3BC0074C3DF /* RECIPE_SEARCH */ = {
			isa = PBXGroup;
			children = (
				3F81D0271F631FB900D256EC /* RecipeSearchViewController.swift */,
				3F81D0291F631FD200D256EC /* RecipeSearchTableViewCell.swift */,
			);
			name = RECIPE_SEARCH;
			sourceTree = "<group>";
		};
		3F79715D1F59F3C20074C3DF /* RECIPE_RATE */ = {
			isa = PBXGroup;
			children = (
			);
			name = RECIPE_RATE;
			sourceTree = "<group>";
		};
		3F79716E1F5D1BBF0074C3DF /* MYPAGE */ = {
			isa = PBXGroup;
			children = (
				3F79716C1F5D1BA40074C3DF /* MyPageViewController.swift */,
				3FAE669B1F5DB710007A13E7 /* InfoModifyViewController.swift */,
			);
			name = MYPAGE;
			sourceTree = "<group>";
		};
		3FA46DE41F6A8B8B00B4143F /* RECIPE_DETAIL */ = {
			isa = PBXGroup;
			children = (
				3FB32EBB1F610C4100C4B9FC /* RecipeDetailViewController.swift */,
				3F79715D1F59F3C20074C3DF /* RECIPE_RATE */,
				3F7971581F59F3910074C3DF /* RECIPE_STEP */,
				3F79715A1F59F3AA0074C3DF /* RECIPE_REVIEW */,
				3F7971591F59F39E0074C3DF /* RECIPE_COMMENT */,
			);
			name = RECIPE_DETAIL;
			sourceTree = "<group>";
		};
		A141563B6C5F018D9A1182F2 /* Pods */ = {
			isa = PBXGroup;
			children = (
				B1C947CFC4B43A2D5A59E1E5 /* Pods-PickyCookBook.debug.xcconfig */,
				45EE35A1669CC918A1644DE4 /* Pods-PickyCookBook.release.xcconfig */,
			);
			name = Pods;
			sourceTree = "<group>";
		};
		BB923D6A378316711CA6ACB7 /* Frameworks */ = {
			isa = PBXGroup;
			children = (
				B3629AAED91DFC939D8AC746 /* Pods_PickyCookBook.framework */,
			);
			name = Frameworks;
			sourceTree = "<group>";
		};
/* End PBXGroup section */

/* Begin PBXNativeTarget section */
		3F79712C1F59F23D0074C3DF /* PickyCookBook */ = {
			isa = PBXNativeTarget;
			buildConfigurationList = 3F79713F1F59F23D0074C3DF /* Build configuration list for PBXNativeTarget "PickyCookBook" */;
			buildPhases = (
				665A0F85E1BD83C6D4D04734 /* [CP] Check Pods Manifest.lock */,
				3F7971291F59F23D0074C3DF /* Sources */,
				3F79712A1F59F23D0074C3DF /* Frameworks */,
				3F79712B1F59F23D0074C3DF /* Resources */,
				4431E4D67EB74ADE4D0D3C2E /* [CP] Embed Pods Frameworks */,
				1E4F8B3E5224BB5F329C16FC /* [CP] Copy Pods Resources */,
			);
			buildRules = (
			);
			dependencies = (
			);
			name = PickyCookBook;
			productName = PickyCookBook;
			productReference = 3F79712D1F59F23D0074C3DF /* PickyCookBook.app */;
			productType = "com.apple.product-type.application";
		};
/* End PBXNativeTarget section */

/* Begin PBXProject section */
		3F7971251F59F23D0074C3DF /* Project object */ = {
			isa = PBXProject;
			attributes = {
				LastSwiftUpdateCheck = 0830;
				LastUpgradeCheck = 0830;
				ORGANIZATIONNAME = jaeseong;
				TargetAttributes = {
					3F79712C1F59F23D0074C3DF = {
						CreatedOnToolsVersion = 8.3.3;
						DevelopmentTeam = FNEH2787UY;
						ProvisioningStyle = Automatic;
					};
				};
			};
			buildConfigurationList = 3F7971281F59F23D0074C3DF /* Build configuration list for PBXProject "PickyCookBook" */;
			compatibilityVersion = "Xcode 3.2";
			developmentRegion = English;
			hasScannedForEncodings = 0;
			knownRegions = (
				en,
				Base,
			);
			mainGroup = 3F7971241F59F23D0074C3DF;
			productRefGroup = 3F79712E1F59F23D0074C3DF /* Products */;
			projectDirPath = "";
			projectRoot = "";
			targets = (
				3F79712C1F59F23D0074C3DF /* PickyCookBook */,
			);
		};
/* End PBXProject section */

/* Begin PBXResourcesBuildPhase section */
		3F79712B1F59F23D0074C3DF /* Resources */ = {
			isa = PBXResourcesBuildPhase;
			buildActionMask = 2147483647;
			files = (
				3F79713B1F59F23D0074C3DF /* LaunchScreen.storyboard in Resources */,
				3F7971381F59F23D0074C3DF /* Assets.xcassets in Resources */,
				3F63F4351F6286F30005D4E5 /* no_im.png in Resources */,
				3F065AD31F67EC2700B75106 /* ss.jpg in Resources */,
				3F79716B1F5D194A0074C3DF /* no_image.jpg in Resources */,
				3F7971361F59F23D0074C3DF /* Main.storyboard in Resources */,
			);
			runOnlyForDeploymentPostprocessing = 0;
		};
/* End PBXResourcesBuildPhase section */

/* Begin PBXShellScriptBuildPhase section */
		1E4F8B3E5224BB5F329C16FC /* [CP] Copy Pods Resources */ = {
			isa = PBXShellScriptBuildPhase;
			buildActionMask = 2147483647;
			files = (
			);
			inputPaths = (
			);
			name = "[CP] Copy Pods Resources";
			outputPaths = (
			);
			runOnlyForDeploymentPostprocessing = 0;
			shellPath = /bin/sh;
			shellScript = "\"${SRCROOT}/Pods/Target Support Files/Pods-PickyCookBook/Pods-PickyCookBook-resources.sh\"\n";
			showEnvVarsInLog = 0;
		};
		4431E4D67EB74ADE4D0D3C2E /* [CP] Embed Pods Frameworks */ = {
			isa = PBXShellScriptBuildPhase;
			buildActionMask = 2147483647;
			files = (
			);
			inputPaths = (
			);
			name = "[CP] Embed Pods Frameworks";
			outputPaths = (
			);
			runOnlyForDeploymentPostprocessing = 0;
			shellPath = /bin/sh;
			shellScript = "\"${SRCROOT}/Pods/Target Support Files/Pods-PickyCookBook/Pods-PickyCookBook-frameworks.sh\"\n";
			showEnvVarsInLog = 0;
		};
		665A0F85E1BD83C6D4D04734 /* [CP] Check Pods Manifest.lock */ = {
			isa = PBXShellScriptBuildPhase;
			buildActionMask = 2147483647;
			files = (
			);
			inputPaths = (
			);
			name = "[CP] Check Pods Manifest.lock";
			outputPaths = (
			);
			runOnlyForDeploymentPostprocessing = 0;
			shellPath = /bin/sh;
			shellScript = "diff \"${PODS_PODFILE_DIR_PATH}/Podfile.lock\" \"${PODS_ROOT}/Manifest.lock\" > /dev/null\nif [ $? != 0 ] ; then\n    # print error to STDERR\n    echo \"error: The sandbox is not in sync with the Podfile.lock. Run 'pod install' or update your CocoaPods installation.\" >&2\n    exit 1\nfi\n";
			showEnvVarsInLog = 0;
		};
/* End PBXShellScriptBuildPhase section */

/* Begin PBXSourcesBuildPhase section */
		3F7971291F59F23D0074C3DF /* Sources */ = {
			isa = PBXSourcesBuildPhase;
			buildActionMask = 2147483647;
			files = (
				3F7971611F5CE9A30074C3DF /* SignUpViewController.swift in Sources */,
				3F7971691F5D12F30074C3DF /* MainTabBar.swift in Sources */,
				3F7971631F5CEE3E0074C3DF /* DataCentre.swift in Sources */,
				3FAE669A1F5DB086007A13E7 /* MediaData.swift in Sources */,
				3FAE669E1F5E5EEC007A13E7 /* HomeViewController.swift in Sources */,
				3F7971461F59F2FB0074C3DF /* Recipe.swift in Sources */,
				3F656F1C1F625D0D00A8B66D /* RecipeMediaData.swift in Sources */,
				3F81D0321F66B6F400D256EC /* TouchID.swift in Sources */,
				3F656F161F62554A00A8B66D /* RecipeCreateViewController.swift in Sources */,
				3F065AD11F67C3B900B75106 /* RecipeStepViewController.swift in Sources */,
				3F7971441F59F2CF0074C3DF /* User.swift in Sources */,
				3F7971311F59F23D0074C3DF /* AppDelegate.swift in Sources */,
				3FB32EB81F60E51600C4B9FC /* AllRecipeTableViewCell.swift in Sources */,
				3F5458E41F6899DA00E3FFD7 /* RecipeCommentTableViewCell.swift in Sources */,
				3FC6017F1F6052C600931909 /* Temp.swift in Sources */,
				3F9E28E51F60306200B661D2 /* Recipe_Bookmark.swift in Sources */,
				3FA46DE61F6AA2AA00B4143F /* RecipeReviewViewController.swift in Sources */,
				3F79714C1F59F3130074C3DF /* Recipe_Review.swift in Sources */,
				3F9E28DD1F5EAEAB00B661D2 /* BookMarkTableViewCell.swift in Sources */,
				3F065AD51F67F37C00B75106 /* StepTableViewCell.swift in Sources */,
				3F656F181F62559700A8B66D /* RecipeStepCreateViewController.swift in Sources */,
				3F81D0281F631FB900D256EC /* RecipeSearchViewController.swift in Sources */,
				3F81D02A1F631FD200D256EC /* RecipeSearchTableViewCell.swift in Sources */,
				3F79714A1F59F30B0074C3DF /* Recipe_Comment.swift in Sources */,
				3FAAF8AA1F69DE35002DA72B /* FloatRatingView.swift in Sources */,
				3F79716D1F5D1BA40074C3DF /* MyPageViewController.swift in Sources */,
				3F79715F1F5CE9810074C3DF /* SignInViewController.swift in Sources */,
				3FB32EBE1F6144C400C4B9FC /* RecipeReviewTableViewCell.swift in Sources */,
				3FB32EBC1F610C4100C4B9FC /* RecipeDetailViewController.swift in Sources */,
				3F81D02E1F66855900D256EC /* TokenAuth.swift in Sources */,
				3F7971481F59F3030074C3DF /* Recipe_Step.swift in Sources */,
				3FAE669C1F5DB710007A13E7 /* InfoModifyViewController.swift in Sources */,
				3FAAF8A91F69DE35002DA72B /* StarViewController.swift in Sources */,
				3F7971651F5CFD660074C3DF /* DataTelecom.swift in Sources */,
				3F9E28DB1F5EAD6000B661D2 /* BookMarkViewController.swift in Sources */,
				3F81D02C1F63289300D256EC /* Recipe_Search.swift in Sources */,
			);
			runOnlyForDeploymentPostprocessing = 0;
		};
/* End PBXSourcesBuildPhase section */

/* Begin PBXVariantGroup section */
		3F7971341F59F23D0074C3DF /* Main.storyboard */ = {
			isa = PBXVariantGroup;
			children = (
				3F7971351F59F23D0074C3DF /* Base */,
			);
			name = Main.storyboard;
			sourceTree = "<group>";
		};
		3F7971391F59F23D0074C3DF /* LaunchScreen.storyboard */ = {
			isa = PBXVariantGroup;
			children = (
				3F79713A1F59F23D0074C3DF /* Base */,
			);
			name = LaunchScreen.storyboard;
			sourceTree = "<group>";
		};
/* End PBXVariantGroup section */

/* Begin XCBuildConfiguration section */
		3F79713D1F59F23D0074C3DF /* Debug */ = {
			isa = XCBuildConfiguration;
			buildSettings = {
				ALWAYS_SEARCH_USER_PATHS = NO;
				CLANG_ANALYZER_NONNULL = YES;
				CLANG_ANALYZER_NUMBER_OBJECT_CONVERSION = YES_AGGRESSIVE;
				CLANG_CXX_LANGUAGE_STANDARD = "gnu++0x";
				CLANG_CXX_LIBRARY = "libc++";
				CLANG_ENABLE_MODULES = YES;
				CLANG_ENABLE_OBJC_ARC = YES;
				CLANG_WARN_BOOL_CONVERSION = YES;
				CLANG_WARN_CONSTANT_CONVERSION = YES;
				CLANG_WARN_DIRECT_OBJC_ISA_USAGE = YES_ERROR;
				CLANG_WARN_DOCUMENTATION_COMMENTS = YES;
				CLANG_WARN_EMPTY_BODY = YES;
				CLANG_WARN_ENUM_CONVERSION = YES;
				CLANG_WARN_INFINITE_RECURSION = YES;
				CLANG_WARN_INT_CONVERSION = YES;
				CLANG_WARN_OBJC_ROOT_CLASS = YES_ERROR;
				CLANG_WARN_SUSPICIOUS_MOVE = YES;
				CLANG_WARN_UNREACHABLE_CODE = YES;
				CLANG_WARN__DUPLICATE_METHOD_MATCH = YES;
				"CODE_SIGN_IDENTITY[sdk=iphoneos*]" = "iPhone Developer";
				COPY_PHASE_STRIP = NO;
				DEBUG_INFORMATION_FORMAT = dwarf;
				ENABLE_STRICT_OBJC_MSGSEND = YES;
				ENABLE_TESTABILITY = YES;
				GCC_C_LANGUAGE_STANDARD = gnu99;
				GCC_DYNAMIC_NO_PIC = NO;
				GCC_NO_COMMON_BLOCKS = YES;
				GCC_OPTIMIZATION_LEVEL = 0;
				GCC_PREPROCESSOR_DEFINITIONS = (
					"DEBUG=1",
					"$(inherited)",
				);
				GCC_WARN_64_TO_32_BIT_CONVERSION = YES;
				GCC_WARN_ABOUT_RETURN_TYPE = YES_ERROR;
				GCC_WARN_UNDECLARED_SELECTOR = YES;
				GCC_WARN_UNINITIALIZED_AUTOS = YES_AGGRESSIVE;
				GCC_WARN_UNUSED_FUNCTION = YES;
				GCC_WARN_UNUSED_VARIABLE = YES;
				IPHONEOS_DEPLOYMENT_TARGET = 10.3;
				MTL_ENABLE_DEBUG_INFO = YES;
				ONLY_ACTIVE_ARCH = YES;
				SDKROOT = iphoneos;
				SWIFT_ACTIVE_COMPILATION_CONDITIONS = DEBUG;
				SWIFT_OPTIMIZATION_LEVEL = "-Onone";
				TARGETED_DEVICE_FAMILY = "1,2";
			};
			name = Debug;
		};
		3F79713E1F59F23D0074C3DF /* Release */ = {
			isa = XCBuildConfiguration;
			buildSettings = {
				ALWAYS_SEARCH_USER_PATHS = NO;
				CLANG_ANALYZER_NONNULL = YES;
				CLANG_ANALYZER_NUMBER_OBJECT_CONVERSION = YES_AGGRESSIVE;
				CLANG_CXX_LANGUAGE_STANDARD = "gnu++0x";
				CLANG_CXX_LIBRARY = "libc++";
				CLANG_ENABLE_MODULES = YES;
				CLANG_ENABLE_OBJC_ARC = YES;
				CLANG_WARN_BOOL_CONVERSION = YES;
				CLANG_WARN_CONSTANT_CONVERSION = YES;
				CLANG_WARN_DIRECT_OBJC_ISA_USAGE = YES_ERROR;
				CLANG_WARN_DOCUMENTATION_COMMENTS = YES;
				CLANG_WARN_EMPTY_BODY = YES;
				CLANG_WARN_ENUM_CONVERSION = YES;
				CLANG_WARN_INFINITE_RECURSION = YES;
				CLANG_WARN_INT_CONVERSION = YES;
				CLANG_WARN_OBJC_ROOT_CLASS = YES_ERROR;
				CLANG_WARN_SUSPICIOUS_MOVE = YES;
				CLANG_WARN_UNREACHABLE_CODE = YES;
				CLANG_WARN__DUPLICATE_METHOD_MATCH = YES;
				"CODE_SIGN_IDENTITY[sdk=iphoneos*]" = "iPhone Developer";
				COPY_PHASE_STRIP = NO;
				DEBUG_INFORMATION_FORMAT = "dwarf-with-dsym";
				ENABLE_NS_ASSERTIONS = NO;
				ENABLE_STRICT_OBJC_MSGSEND = YES;
				GCC_C_LANGUAGE_STANDARD = gnu99;
				GCC_NO_COMMON_BLOCKS = YES;
				GCC_WARN_64_TO_32_BIT_CONVERSION = YES;
				GCC_WARN_ABOUT_RETURN_TYPE = YES_ERROR;
				GCC_WARN_UNDECLARED_SELECTOR = YES;
				GCC_WARN_UNINITIALIZED_AUTOS = YES_AGGRESSIVE;
				GCC_WARN_UNUSED_FUNCTION = YES;
				GCC_WARN_UNUSED_VARIABLE = YES;
				IPHONEOS_DEPLOYMENT_TARGET = 10.3;
				MTL_ENABLE_DEBUG_INFO = NO;
				SDKROOT = iphoneos;
				SWIFT_OPTIMIZATION_LEVEL = "-Owholemodule";
				TARGETED_DEVICE_FAMILY = "1,2";
				VALIDATE_PRODUCT = YES;
			};
			name = Release;
		};
		3F7971401F59F23D0074C3DF /* Debug */ = {
			isa = XCBuildConfiguration;
			baseConfigurationReference = B1C947CFC4B43A2D5A59E1E5 /* Pods-PickyCookBook.debug.xcconfig */;
			buildSettings = {
				ASSETCATALOG_COMPILER_APPICON_NAME = AppIcon;
				DEVELOPMENT_TEAM = FNEH2787UY;
				INFOPLIST_FILE = PickyCookBook/Info.plist;
				LD_RUNPATH_SEARCH_PATHS = "$(inherited) @executable_path/Frameworks";
				PRODUCT_BUNDLE_IDENTIFIER = com.toygift.PickyCookBook;
				PRODUCT_NAME = "$(TARGET_NAME)";
				SWIFT_VERSION = 3.0;
			};
			name = Debug;
		};
		3F7971411F59F23D0074C3DF /* Release */ = {
			isa = XCBuildConfiguration;
			baseConfigurationReference = 45EE35A1669CC918A1644DE4 /* Pods-PickyCookBook.release.xcconfig */;
			buildSettings = {
				ASSETCATALOG_COMPILER_APPICON_NAME = AppIcon;
				DEVELOPMENT_TEAM = FNEH2787UY;
				INFOPLIST_FILE = PickyCookBook/Info.plist;
				LD_RUNPATH_SEARCH_PATHS = "$(inherited) @executable_path/Frameworks";
				PRODUCT_BUNDLE_IDENTIFIER = com.toygift.PickyCookBook;
				PRODUCT_NAME = "$(TARGET_NAME)";
				SWIFT_VERSION = 3.0;
			};
			name = Release;
		};
/* End XCBuildConfiguration section */

/* Begin XCConfigurationList section */
		3F7971281F59F23D0074C3DF /* Build configuration list for PBXProject "PickyCookBook" */ = {
			isa = XCConfigurationList;
			buildConfigurations = (
				3F79713D1F59F23D0074C3DF /* Debug */,
				3F79713E1F59F23D0074C3DF /* Release */,
			);
			defaultConfigurationIsVisible = 0;
			defaultConfigurationName = Release;
		};
		3F79713F1F59F23D0074C3DF /* Build configuration list for PBXNativeTarget "PickyCookBook" */ = {
			isa = XCConfigurationList;
			buildConfigurations = (
				3F7971401F59F23D0074C3DF /* Debug */,
				3F7971411F59F23D0074C3DF /* Release */,
			);
			defaultConfigurationIsVisible = 0;
			defaultConfigurationName = Release;
		};
/* End XCConfigurationList section */
	};
	rootObject = 3F7971251F59F23D0074C3DF /* Project object */;
}
